core:changelogs:
  - content: "---\npackages:\n  npm:foldocs-core:\n    type: patch\n  npm:create-foldocs:\n    type: patch\n  npm:foldocs:\n    type: patch\n  npm:@foldocs/tailwind:\n    type: patch\n  npm:foldocs-ui:\n    type: patch\n  npm:@foldocs/vite:\n    type: patch\n---\n\n## Improve documentation UI and SEO\n\nPolish outline controls, theme toggles, sidebar spacing, tooltips, source links, generated templates, and English/Spanish documentation parity. Add configurable route metadata, static Open Graph images, JSON-LD, canonical and alternate links, robots output, and richer sitemaps.\n"
    filename: 2026-08-03-msd2ciju.md
    v: 0.0.0
core:packages:
  - id: npm:@foldocs/cli
    updated: true
  - id: npm:@foldocs/content
    updated: false
  - changelogIds:
      - 2026-08-03-msd2ciju.md
    id: npm:foldocs-core
    updated: true
  - changelogIds:
      - 2026-08-03-msd2ciju.md
    id: npm:create-foldocs
    updated: true
  - id: npm:@foldocs/language
    updated: true
  - id: npm:foldocs-mdx
    updated: false
  - changelogIds:
      - 2026-08-03-msd2ciju.md
    id: npm:foldocs
    updated: true
  - id: npm:@foldocs/search
    updated: false
  - id: npm:@foldocs/search-orama
    updated: false
  - id: npm:@foldocs/twoslash
    updated: false
  - changelogIds:
      - 2026-08-03-msd2ciju.md
    id: npm:@foldocs/tailwind
    updated: true
  - changelogIds:
      - 2026-08-03-msd2ciju.md
    id: npm:@foldocs/vite
    updated: true
  - changelogIds:
      - 2026-08-03-msd2ciju.md
    id: npm:foldocs-ui
    updated: true
npm:packages:
  - id: npm:@foldocs/cli
  - id: npm:@foldocs/content
  - id: npm:foldocs-core
  - id: npm:create-foldocs
  - id: npm:@foldocs/language
  - id: npm:foldocs-mdx
  - id: npm:foldocs
  - id: npm:@foldocs/search
  - id: npm:@foldocs/search-orama
  - id: npm:@foldocs/twoslash
  - id: npm:@foldocs/tailwind
  - id: npm:@foldocs/vite
  - id: npm:foldocs-ui
